
Microsoft Visual Studio Solution File, Format Version 12.00
# Visual Studio Version 16
VisualStudioVersion = 16.0.29215.179
MinimumVisualStudioVersion = 10.0.40219.1
Project("{888888A0-9F3D-457C-B088-3A5042F75D52}") = "TimeWizard", "TimeWizard.pyproj", "{B41D1206-3CDA-419B-8874-E7BB7176D8F4}"
EndProject
Global
	GlobalSection(SolutionConfigurationPlatforms) = preSolution
		Debug|Any CPU = Debug|Any CPU
		Release|Any CPU = Release|Any CPU
	EndGlobalSection
	GlobalSection(ProjectConfigurationPlatforms) = postSolution
		{B41D1206-3CDA-419B-8874-E7BB7176D8F4}.Debug|Any CPU.ActiveCfg = Debug|Any CPU
		{B41D1206-3CDA-419B-8874-E7BB7176D8F4}.Debug|Any CPU.Build.0 = Debug|Any CPU
		{B41D1206-3CDA-419B-8874-E7BB7176D8F4}.Release|Any CPU.ActiveCfg = Release|Any CPU
		{B41D1206-3CDA-419B-8874-E7BB7176D8F4}.Release|Any CPU.Build.0 = Release|Any CPU
	EndGlobalSection
	GlobalSection(SolutionProperties) = preSolution
		HideSolutionNode = FALSE
	EndGlobalSection
	GlobalSection(ExtensibilityGlobals) = postSolution
		SolutionGuid = {4BC096FA-AC20-4067-8FAD-A847289987EF}
	EndGlobalSection
EndGlobal
